
Microsoft Visual Studio Solution File, Format Version 12.00
# Visual Studio Version 17
VisualStudioVersion = 17.14.36221.1
MinimumVisualStudioVersion = 10.0.40219.1
Project("{FAE04EC0-301F-11D3-BF4B-00C04F79EFBC}") = "Tournament.API", "Tournament.API\Tournament.API.csproj", "{F0C14CE4-B110-1DC3-B51E-09D80FE4FEC6}"
EndProject
Project("{FAE04EC0-301F-11D3-BF4B-00C04F79EFBC}") = "Tournament.Core", "Tournament.Core\Tournament.Core.csproj", "{F050EB13-B00C-8C8C-03BE-FBE146F4A1FD}"
EndProject
Project("{FAE04EC0-301F-11D3-BF4B-00C04F79EFBC}") = "Tournament.Data", "Tournament.Data\Tournament.Data.csproj", "{4F543036-8C6C-EB81-1645-64243034CC1A}"
EndProject
Project("{FAE04EC0-301F-11D3-BF4B-00C04F79EFBC}") = "Domain.Models", "Domain.Models\Domain.Models.csproj", "{28377DD7-F9E6-4D3C-93D9-D1445C933AB5}"
EndProject
Project("{FAE04EC0-301F-11D3-BF4B-00C04F79EFBC}") = "Domain.Contracts", "Domain.Contracts\Domain.Contracts.csproj", "{1BF71C9B-4167-4328-B954-7071BABCE9B7}"
EndProject
Project("{FAE04EC0-301F-11D3-BF4B-00C04F79EFBC}") = "Tournament.Presentation", "Tournament.Presentation\Tournament.Presentation.csproj", "{1F784482-4160-4B31-B7EF-7E5689EDE145}"
EndProject
Project("{FAE04EC0-301F-11D3-BF4B-00C04F79EFBC}") = "Tournament.Services", "Tournament.Services\Tournament.Services.csproj", "{DC3A6FEB-D0A6-45C0-A18E-3F4A48712C3F}"
EndProject
Project("{FAE04EC0-301F-11D3-BF4B-00C04F79EFBC}") = "Service.Contracts", "Service.Contracts\Service.Contracts.csproj", "{C07B1D6F-02AD-4529-990F-2EB0F209CCBD}"
EndProject
Global
	GlobalSection(SolutionConfigurationPlatforms) = preSolution
		Debug|Any CPU = Debug|Any CPU
		Release|Any CPU = Release|Any CPU
	EndGlobalSection
	GlobalSection(ProjectConfigurationPlatforms) = postSolution
		{F0C14CE4-B110-1DC3-B51E-09D80FE4FEC6}.Debug|Any CPU.ActiveCfg = Debug|Any CPU
		{F0C14CE4-B110-1DC3-B51E-09D80FE4FEC6}.Debug|Any CPU.Build.0 = Debug|Any CPU
		{F0C14CE4-B110-1DC3-B51E-09D80FE4FEC6}.Release|Any CPU.ActiveCfg = Release|Any CPU
		{F0C14CE4-B110-1DC3-B51E-09D80FE4FEC6}.Release|Any CPU.Build.0 = Release|Any CPU
		{F050EB13-B00C-8C8C-03BE-FBE146F4A1FD}.Debug|Any CPU.ActiveCfg = Debug|Any CPU
		{F050EB13-B00C-8C8C-03BE-FBE146F4A1FD}.Debug|Any CPU.Build.0 = Debug|Any CPU
		{F050EB13-B00C-8C8C-03BE-FBE146F4A1FD}.Release|Any CPU.ActiveCfg = Release|Any CPU
		{F050EB13-B00C-8C8C-03BE-FBE146F4A1FD}.Release|Any CPU.Build.0 = Release|Any CPU
		{4F543036-8C6C-EB81-1645-64243034CC1A}.Debug|Any CPU.ActiveCfg = Debug|Any CPU
		{4F543036-8C6C-EB81-1645-64243034CC1A}.Debug|Any CPU.Build.0 = Debug|Any CPU
		{4F543036-8C6C-EB81-1645-64243034CC1A}.Release|Any CPU.ActiveCfg = Release|Any CPU
		{4F543036-8C6C-EB81-1645-64243034CC1A}.Release|Any CPU.Build.0 = Release|Any CPU
		{28377DD7-F9E6-4D3C-93D9-D1445C933AB5}.Debug|Any CPU.ActiveCfg = Debug|Any CPU
		{28377DD7-F9E6-4D3C-93D9-D1445C933AB5}.Debug|Any CPU.Build.0 = Debug|Any CPU
		{28377DD7-F9E6-4D3C-93D9-D1445C933AB5}.Release|Any CPU.ActiveCfg = Release|Any CPU
		{28377DD7-F9E6-4D3C-93D9-D1445C933AB5}.Release|Any CPU.Build.0 = Release|Any CPU
		{1BF71C9B-4167-4328-B954-7071BABCE9B7}.Debug|Any CPU.ActiveCfg = Debug|Any CPU
		{1BF71C9B-4167-4328-B954-7071BABCE9B7}.Debug|Any CPU.Build.0 = Debug|Any CPU
		{1BF71C9B-4167-4328-B954-7071BABCE9B7}.Release|Any CPU.ActiveCfg = Release|Any CPU
		{1BF71C9B-4167-4328-B954-7071BABCE9B7}.Release|Any CPU.Build.0 = Release|Any CPU
		{1F784482-4160-4B31-B7EF-7E5689EDE145}.Debug|Any CPU.ActiveCfg = Debug|Any CPU
		{1F784482-4160-4B31-B7EF-7E5689EDE145}.Debug|Any CPU.Build.0 = Debug|Any CPU
		{1F784482-4160-4B31-B7EF-7E5689EDE145}.Release|Any CPU.ActiveCfg = Release|Any CPU
		{1F784482-4160-4B31-B7EF-7E5689EDE145}.Release|Any CPU.Build.0 = Release|Any CPU
		{DC3A6FEB-D0A6-45C0-A18E-3F4A48712C3F}.Debug|Any CPU.ActiveCfg = Debug|Any CPU
		{DC3A6FEB-D0A6-45C0-A18E-3F4A48712C3F}.Debug|Any CPU.Build.0 = Debug|Any CPU
		{DC3A6FEB-D0A6-45C0-A18E-3F4A48712C3F}.Release|Any CPU.ActiveCfg = Release|Any CPU
		{DC3A6FEB-D0A6-45C0-A18E-3F4A48712C3F}.Release|Any CPU.Build.0 = Release|Any CPU
		{C07B1D6F-02AD-4529-990F-2EB0F209CCBD}.Debug|Any CPU.ActiveCfg = Debug|Any CPU
		{C07B1D6F-02AD-4529-990F-2EB0F209CCBD}.Debug|Any CPU.Build.0 = Debug|Any CPU
		{C07B1D6F-02AD-4529-990F-2EB0F209CCBD}.Release|Any CPU.ActiveCfg = Release|Any CPU
		{C07B1D6F-02AD-4529-990F-2EB0F209CCBD}.Release|Any CPU.Build.0 = Release|Any CPU
	EndGlobalSection
	GlobalSection(SolutionProperties) = preSolution
		HideSolutionNode = FALSE
	EndGlobalSection
	GlobalSection(ExtensibilityGlobals) = postSolution
		SolutionGuid = {624F3CEA-8AD7-49DF-ADA4-0CFAD8187BD6}
	EndGlobalSection
EndGlobal
